// !$*UTF8*$!
{
	archiveVersion = 1;
	classes = {
	};
	objectVersion = 56;
	objects = {

/* Begin PBXBuildFile section */
		743BC84C2A12E6650068C0AA /* BarcodeScannerSAApp.swift in Sources */ = {isa = PBXBuildFile; fileRef = 743BC84B2A12E6650068C0AA /* BarcodeScannerSAApp.swift */; };
		743BC84E2A12E6650068C0AA /* BarcodeScannerView.swift in Sources */ = {isa = PBXBuildFile; fileRef = 743BC84D2A12E6650068C0AA /* BarcodeScannerView.swift */; };
		743BC8502A12E6660068C0AA /* Assets.xcassets in Resources */ = {isa = PBXBuildFile; fileRef = 743BC84F2A12E6660068C0AA /* Assets.xcassets */; };
		743BC8532A12E6660068C0AA /* Preview Assets.xcassets in Resources */ = {isa = PBXBuildFile; fileRef = 743BC8522A12E6660068C0AA /* Preview Assets.xcassets */; };
		743BC85A2A1356550068C0AA /* ScannerVC.swift in Sources */ = {isa = PBXBuildFile; fileRef = 743BC8592A1356550068C0AA /* ScannerVC.swift */; };
		743BC85C2A135C7E0068C0AA /* ScannerView.swift in Sources */ = {isa = PBXBuildFile; fileRef = 743BC85B2A135C7E0068C0AA /* ScannerView.swift */; };
		743BC85E2A13DC860068C0AA /* Alert.swift in Sources */ = {isa = PBXBuildFile; fileRef = 743BC85D2A13DC860068C0AA /* Alert.swift */; };
		743BC8602A13DCD80068C0AA /* BarcodeScannerViewModel.swift in Sources */ = {isa = PBXBuildFile; fileRef = 743BC85F2A13DCD80068C0AA /* BarcodeScannerViewModel.swift */; };
/* End PBXBuildFile section */

/* Begin PBXFileReference section */
		743BC8482A12E6650068C0AA /* BarcodeScannerSA.app */ = {isa = PBXFileReference; explicitFileType = wrapper.application; includeInIndex = 0; path = BarcodeScannerSA.app; sourceTree = BUILT_PRODUCTS_DIR; };
		743BC84B2A12E6650068C0AA /* BarcodeScannerSAApp.swift */ = {isa = PBXFileReference; lastKnownFileType = sourcecode.swift; path = BarcodeScannerSAApp.swift; sourceTree = "<group>"; };
		743BC84D2A12E6650068C0AA /* BarcodeScannerView.swift */ = {isa = PBXFileReference; lastKnownFileType = sourcecode.swift; path = BarcodeScannerView.swift; sourceTree = "<group>"; };
		743BC84F2A12E6660068C0AA /* Assets.xcassets */ = {isa = PBXFileReference; lastKnownFileType = folder.assetcatalog; path = Assets.xcassets; sourceTree = "<group>"; };
		743BC8522A12E6660068C0AA /* Preview Assets.xcassets */ = {isa = PBXFileReference; lastKnownFileType = folder.assetcatalog; path = "Preview Assets.xcassets"; sourceTree = "<group>"; };
		743BC8592A1356550068C0AA /* ScannerVC.swift */ = {isa = PBXFileReference; fileEncoding = 4; lastKnownFileType = sourcecode.swift; path = ScannerVC.swift; sourceTree = "<group>"; };
		743BC85B2A135C7E0068C0AA /* ScannerView.swift */ = {isa = PBXFileReference; lastKnownFileType = sourcecode.swift; path = ScannerView.swift; sourceTree = "<group>"; };
		743BC85D2A13DC860068C0AA /* Alert.swift */ = {isa = PBXFileReference; lastKnownFileType = sourcecode.swift; path = Alert.swift; sourceTree = "<group>"; };
		743BC85F2A13DCD80068C0AA /* BarcodeScannerViewModel.swift */ = {isa = PBXFileReference; lastKnownFileType = sourcecode.swift; path = BarcodeScannerViewModel.swift; sourceTree = "<group>"; };
/* End PBXFileReference section */

/* Begin PBXFrameworksBuildPhase section */
		743BC8452A12E6650068C0AA /* Frameworks */ = {
			isa = PBXFrameworksBuildPhase;
			buildActionMask = 2147483647;
			files = (
			);
			runOnlyForDeploymentPostprocessing = 0;
		};
/* End PBXFrameworksBuildPhase section */

/* Begin PBXGroup section */
		743BC83F2A12E6650068C0AA = {
			isa = PBXGroup;
			children = (
				743BC84A2A12E6650068C0AA /* BarcodeScannerSA */,
				743BC8492A12E6650068C0AA /* Products */,
			);
			sourceTree = "<group>";
		};
		743BC8492A12E6650068C0AA /* Products */ = {
			isa = PBXGroup;
			children = (
				743BC8482A12E6650068C0AA /* BarcodeScannerSA.app */,
			);
			name = Products;
			sourceTree = "<group>";
		};
		743BC84A2A12E6650068C0AA /* BarcodeScannerSA */ = {
			isa = PBXGroup;
			children = (
				743BC8652A13E43A0068C0AA /* Utilities */,
				743BC8632A13E40B0068C0AA /* Views */,
				743BC8612A13E3E10068C0AA /* Screens */,
				743BC84B2A12E6650068C0AA /* BarcodeScannerSAApp.swift */,
				743BC84F2A12E6660068C0AA /* Assets.xcassets */,
				743BC8512A12E6660068C0AA /* Preview Content */,
			);
			path = BarcodeScannerSA;
			sourceTree = "<group>";
		};
		743BC8512A12E6660068C0AA /* Preview Content */ = {
			isa = PBXGroup;
			children = (
				743BC8522A12E6660068C0AA /* Preview Assets.xcassets */,
			);
			path = "Preview Content";
			sourceTree = "<group>";
		};
		743BC8612A13E3E10068C0AA /* Screens */ = {
			isa = PBXGroup;
			children = (
				743BC8622A13E3EB0068C0AA /* BarcodeScanner */,
			);
			path = Screens;
			sourceTree = "<group>";
		};
		743BC8622A13E3EB0068C0AA /* BarcodeScanner */ = {
			isa = PBXGroup;
			children = (
				743BC85F2A13DCD80068C0AA /* BarcodeScannerViewModel.swift */,
				743BC84D2A12E6650068C0AA /* BarcodeScannerView.swift */,
			);
			path = BarcodeScanner;
			sourceTree = "<group>";
		};
		743BC8632A13E40B0068C0AA /* Views */ = {
			isa = PBXGroup;
			children = (
				743BC8642A13E4110068C0AA /* UIKit Components */,
			);
			path = Views;
			sourceTree = "<group>";
		};
		743BC8642A13E4110068C0AA /* UIKit Components */ = {
			isa = PBXGroup;
			children = (
				743BC8592A1356550068C0AA /* ScannerVC.swift */,
				743BC85B2A135C7E0068C0AA /* ScannerView.swift */,
			);
			path = "UIKit Components";
			sourceTree = "<group>";
		};
		743BC8652A13E43A0068C0AA /* Utilities */ = {
			isa = PBXGroup;
			children = (
				743BC85D2A13DC860068C0AA /* Alert.swift */,
			);
			path = Utilities;
			sourceTree = "<group>";
		};
/* End PBXGroup section */

/* Begin PBXNativeTarget section */
		743BC8472A12E6650068C0AA /* BarcodeScannerSA */ = {
			isa = PBXNativeTarget;
			buildConfigurationList = 743BC8562A12E6660068C0AA /* Build configuration list for PBXNativeTarget "BarcodeScannerSA" */;
			buildPhases = (
				743BC8442A12E6650068C0AA /* Sources */,
				743BC8452A12E6650068C0AA /* Frameworks */,
				743BC8462A12E6650068C0AA /* Resources */,
			);
			buildRules = (
			);
			dependencies = (
			);
			name = BarcodeScannerSA;
			productName = BarcodeScannerSA;
			productReference = 743BC8482A12E6650068C0AA /* BarcodeScannerSA.app */;
			productType = "com.apple.product-type.application";
		};
/* End PBXNativeTarget section */

/* Begin PBXProject section */
		743BC8402A12E6650068C0AA /* Project object */ = {
			isa = PBXProject;
			attributes = {
				BuildIndependentTargetsInParallel = 1;
				LastSwiftUpdateCheck = 1430;
				LastUpgradeCheck = 1430;
				TargetAttributes = {
					743BC8472A12E6650068C0AA = {
						CreatedOnToolsVersion = 14.3;
					};
				};
			};
			buildConfigurationList = 743BC8432A12E6650068C0AA /* Build configuration list for PBXProject "BarcodeScannerSA" */;
			compatibilityVersion = "Xcode 14.0";
			developmentRegion = en;
			hasScannedForEncodings = 0;
			knownRegions = (
				en,
				Base,
			);
			mainGroup = 743BC83F2A12E6650068C0AA;
			productRefGroup = 743BC8492A12E6650068C0AA /* Products */;
			projectDirPath = "";
			projectRoot = "";
			targets = (
				743BC8472A12E6650068C0AA /* BarcodeScannerSA */,
			);
		};
/* End PBXProject section */

/* Begin PBXResourcesBuildPhase section */
		743BC8462A12E6650068C0AA /* Resources */ = {
			isa = PBXResourcesBuildPhase;
			buildActionMask = 2147483647;
			files = (
				743BC8532A12E6660068C0AA /* Preview Assets.xcassets in Resources */,
				743BC8502A12E6660068C0AA /* Assets.xcassets in Resources */,
			);
			runOnlyForDeploymentPostprocessing = 0;
		};
/* End PBXResourcesBuildPhase section */

/* Begin PBXSourcesBuildPhase section */
		743BC8442A12E6650068C0AA /* Sources */ = {
			isa = PBXSourcesBuildPhase;
			buildActionMask = 2147483647;
			files = (
				743BC8602A13DCD80068C0AA /* BarcodeScannerViewModel.swift in Sources */,
				743BC85A2A1356550068C0AA /* ScannerVC.swift in Sources */,
				743BC85C2A135C7E0068C0AA /* ScannerView.swift in Sources */,
				743BC84E2A12E6650068C0AA /* BarcodeScannerView.swift in Sources */,
				743BC85E2A13DC860068C0AA /* Alert.swift in Sources */,
				743BC84C2A12E6650068C0AA /* BarcodeScannerSAApp.swift in Sources */,
			);
			runOnlyForDeploymentPostprocessing = 0;
		};
/* End PBXSourcesBuildPhase section */

/* Begin XCBuildConfiguration section */
		743BC8542A12E6660068C0AA /* Debug */ = {
			isa = XCBuildConfiguration;
			buildSettings = {
				ALWAYS_SEARCH_USER_PATHS = NO;
				CLANG_ANALYZER_NONNULL = YES;
				CLANG_ANALYZER_NUMBER_OBJECT_CONVERSION = YES_AGGRESSIVE;
				CLANG_CXX_LANGUAGE_STANDARD = "gnu++20";
				CLANG_ENABLE_MODULES = YES;
				CLANG_ENABLE_OBJC_ARC = YES;
				CLANG_ENABLE_OBJC_WEAK = YES;
				CLANG_WARN_BLOCK_CAPTURE_AUTORELEASING = YES;
				CLANG_WARN_BOOL_CONVERSION = YES;
				CLANG_WARN_COMMA = YES;
				CLANG_WARN_CONSTANT_CONVERSION = YES;
				CLANG_WARN_DEPRECATED_OBJC_IMPLEMENTATIONS = YES;
				CLANG_WARN_DIRECT_OBJC_ISA_USAGE = YES_ERROR;
				CLANG_WARN_DOCUMENTATION_COMMENTS = YES;
				CLANG_WARN_EMPTY_BODY = YES;
				CLANG_WARN_ENUM_CONVERSION = YES;
				CLANG_WARN_INFINITE_RECURSION = YES;
				CLANG_WARN_INT_CONVERSION = YES;
				CLANG_WARN_NON_LITERAL_NULL_CONVERSION = YES;
				CLANG_WARN_OBJC_IMPLICIT_RETAIN_SELF = YES;
				CLANG_WARN_OBJC_LITERAL_CONVERSION = YES;
				CLANG_WARN_OBJC_ROOT_CLASS = YES_ERROR;
				CLANG_WARN_QUOTED_INCLUDE_IN_FRAMEWORK_HEADER = YES;
				CLANG_WARN_RANGE_LOOP_ANALYSIS = YES;
				CLANG_WARN_STRICT_PROTOTYPES = YES;
				CLANG_WARN_SUSPICIOUS_MOVE = YES;
				CLANG_WARN_UNGUARDED_AVAILABILITY = YES_AGGRESSIVE;
				CLANG_WARN_UNREACHABLE_CODE = YES;
				CLANG_WARN__DUPLICATE_METHOD_MATCH = YES;
				COPY_PHASE_STRIP = NO;
				DEBUG_INFORMATION_FORMAT = dwarf;
				ENABLE_STRICT_OBJC_MSGSEND = YES;
				ENABLE_TESTABILITY = YES;
				GCC_C_LANGUAGE_STANDARD = gnu11;
				GCC_DYNAMIC_NO_PIC = NO;
				GCC_NO_COMMON_BLOCKS = YES;
				GCC_OPTIMIZATION_LEVEL = 0;
				GCC_PREPROCESSOR_DEFINITIONS = (
					"DEBUG=1",
					"$(inherited)",
				);
				GCC_WARN_64_TO_32_BIT_CONVERSION = YES;
				GCC_WARN_ABOUT_RETURN_TYPE = YES_ERROR;
				GCC_WARN_UNDECLARED_SELECTOR = YES;
				GCC_WARN_UNINITIALIZED_AUTOS = YES_AGGRESSIVE;
				GCC_WARN_UNUSED_FUNCTION = YES;
				GCC_WARN_UNUSED_VARIABLE = YES;
				IPHONEOS_DEPLOYMENT_TARGET = 16.4;
				MTL_ENABLE_DEBUG_INFO = INCLUDE_SOURCE;
				MTL_FAST_MATH = YES;
				ONLY_ACTIVE_ARCH = YES;
				SDKROOT = iphoneos;
				SWIFT_ACTIVE_COMPILATION_CONDITIONS = DEBUG;
				SWIFT_OPTIMIZATION_LEVEL = "-Onone";
			};
			name = Debug;
		};
		743BC8552A12E6660068C0AA /* Release */ = {
			isa = XCBuildConfiguration;
			buildSettings = {
				ALWAYS_SEARCH_USER_PATHS = NO;
				CLANG_ANALYZER_NONNULL = YES;
				CLANG_ANALYZER_NUMBER_OBJECT_CONVERSION = YES_AGGRESSIVE;
				CLANG_CXX_LANGUAGE_STANDARD = "gnu++20";
				CLANG_ENABLE_MODULES = YES;
				CLANG_ENABLE_OBJC_ARC = YES;
				CLANG_ENABLE_OBJC_WEAK = YES;
				CLANG_WARN_BLOCK_CAPTURE_AUTORELEASING = YES;
				CLANG_WARN_BOOL_CONVERSION = YES;
				CLANG_WARN_COMMA = YES;
				CLANG_WARN_CONSTANT_CONVERSION = YES;
				CLANG_WARN_DEPRECATED_OBJC_IMPLEMENTATIONS = YES;
				CLANG_WARN_DIRECT_OBJC_ISA_USAGE = YES_ERROR;
				CLANG_WARN_DOCUMENTATION_COMMENTS = YES;
				CLANG_WARN_EMPTY_BODY = YES;
				CLANG_WARN_ENUM_CONVERSION = YES;
				CLANG_WARN_INFINITE_RECURSION = YES;
				CLANG_WARN_INT_CONVERSION = YES;
				CLANG_WARN_NON_LITERAL_NULL_CONVERSION = YES;
				CLANG_WARN_OBJC_IMPLICIT_RETAIN_SELF = YES;
				CLANG_WARN_OBJC_LITERAL_CONVERSION = YES;
				CLANG_WARN_OBJC_ROOT_CLASS = YES_ERROR;
				CLANG_WARN_QUOTED_INCLUDE_IN_FRAMEWORK_HEADER = YES;
				CLANG_WARN_RANGE_LOOP_ANALYSIS = YES;
				CLANG_WARN_STRICT_PROTOTYPES = YES;
				CLANG_WARN_SUSPICIOUS_MOVE = YES;
				CLANG_WARN_UNGUARDED_AVAILABILITY = YES_AGGRESSIVE;
				CLANG_WARN_UNREACHABLE_CODE = YES;
				CLANG_WARN__DUPLICATE_METHOD_MATCH = YES;
				COPY_PHASE_STRIP = NO;
				DEBUG_INFORMATION_FORMAT = "dwarf-with-dsym";
				ENABLE_NS_ASSERTIONS = NO;
				ENABLE_STRICT_OBJC_MSGSEND = YES;
				GCC_C_LANGUAGE_STANDARD = gnu11;
				GCC_NO_COMMON_BLOCKS = YES;
				GCC_WARN_64_TO_32_BIT_CONVERSION = YES;
				GCC_WARN_ABOUT_RETURN_TYPE = YES_ERROR;
				GCC_WARN_UNDECLARED_SELECTOR = YES;
				GCC_WARN_UNINITIALIZED_AUTOS = YES_AGGRESSIVE;
				GCC_WARN_UNUSED_FUNCTION = YES;
				GCC_WARN_UNUSED_VARIABLE = YES;
				IPHONEOS_DEPLOYMENT_TARGET = 16.4;
				MTL_ENABLE_DEBUG_INFO = NO;
				MTL_FAST_MATH = YES;
				SDKROOT = iphoneos;
				SWIFT_COMPILATION_MODE = wholemodule;
				SWIFT_OPTIMIZATION_LEVEL = "-O";
				VALIDATE_PRODUCT = YES;
			};
			name = Release;
		};
		743BC8572A12E6660068C0AA /* Debug */ = {
			isa = XCBuildConfiguration;
			buildSettings = {
				ASSETCATALOG_COMPILER_APPICON_NAME = AppIcon;
				ASSETCATALOG_COMPILER_GLOBAL_ACCENT_COLOR_NAME = AccentColor;
				CODE_SIGN_STYLE = Automatic;
				CURRENT_PROJECT_VERSION = 1;
				DEVELOPMENT_ASSET_PATHS = "\"BarcodeScannerSA/Preview Content\"";
				DEVELOPMENT_TEAM = 4A45YWS7LC;
				ENABLE_PREVIEWS = YES;
				GENERATE_INFOPLIST_FILE = YES;
				INFOPLIST_KEY_NSCameraUsageDescription = "We need to use the camera to scan barcodes";
				INFOPLIST_KEY_UIApplicationSceneManifest_Generation = YES;
				INFOPLIST_KEY_UIApplicationSupportsIndirectInputEvents = YES;
				INFOPLIST_KEY_UILaunchScreen_Generation = YES;
				INFOPLIST_KEY_UISupportedInterfaceOrientations_iPad = "UIInterfaceOrientationPortrait UIInterfaceOrientationPortraitUpsideDown UIInterfaceOrientationLandscapeLeft UIInterfaceOrientationLandscapeRight";
				INFOPLIST_KEY_UISupportedInterfaceOrientations_iPhone = "UIInterfaceOrientationPortrait UIInterfaceOrientationLandscapeLeft UIInterfaceOrientationLandscapeRight";
				LD_RUNPATH_SEARCH_PATHS = (
					"$(inherited)",
					"@executable_path/Frameworks",
				);
				MARKETING_VERSION = 1.0;
				PRODUCT_BUNDLE_IDENTIFIER = com.BarcodeScannerSA;
				PRODUCT_NAME = "$(TARGET_NAME)";
				SWIFT_EMIT_LOC_STRINGS = YES;
				SWIFT_VERSION = 5.0;
				TARGETED_DEVICE_FAMILY = "1,2";
			};
			name = Debug;
		};
		743BC8582A12E6660068C0AA /* Release */ = {
			isa = XCBuildConfiguration;
			buildSettings = {
				ASSETCATALOG_COMPILER_APPICON_NAME = AppIcon;
				ASSETCATALOG_COMPILER_GLOBAL_ACCENT_COLOR_NAME = AccentColor;
				CODE_SIGN_STYLE = Automatic;
				CURRENT_PROJECT_VERSION = 1;
				DEVELOPMENT_ASSET_PATHS = "\"BarcodeScannerSA/Preview Content\"";
				DEVELOPMENT_TEAM = 4A45YWS7LC;
				ENABLE_PREVIEWS = YES;
				GENERATE_INFOPLIST_FILE = YES;
				INFOPLIST_KEY_NSCameraUsageDescription = "We need to use the camera to scan barcodes";
				INFOPLIST_KEY_UIApplicationSceneManifest_Generation = YES;
				INFOPLIST_KEY_UIApplicationSupportsIndirectInputEvents = YES;
				INFOPLIST_KEY_UILaunchScreen_Generation = YES;
				INFOPLIST_KEY_UISupportedInterfaceOrientations_iPad = "UIInterfaceOrientationPortrait UIInterfaceOrientationPortraitUpsideDown UIInterfaceOrientationLandscapeLeft UIInterfaceOrientationLandscapeRight";
				INFOPLIST_KEY_UISupportedInterfaceOrientations_iPhone = "UIInterfaceOrientationPortrait UIInterfaceOrientationLandscapeLeft UIInterfaceOrientationLandscapeRight";
				LD_RUNPATH_SEARCH_PATHS = (
					"$(inherited)",
					"@executable_path/Frameworks",
				);
				MARKETING_VERSION = 1.0;
				PRODUCT_BUNDLE_IDENTIFIER = com.BarcodeScannerSA;
				PRODUCT_NAME = "$(TARGET_NAME)";
				SWIFT_EMIT_LOC_STRINGS = YES;
				SWIFT_VERSION = 5.0;
				TARGETED_DEVICE_FAMILY = "1,2";
			};
			name = Release;
		};
/* End XCBuildConfiguration section */

/* Begin XCConfigurationList section */
		743BC8432A12E6650068C0AA /* Build configuration list for PBXProject "BarcodeScannerSA" */ = {
			isa = XCConfigurationList;
			buildConfigurations = (
				743BC8542A12E6660068C0AA /* Debug */,
				743BC8552A12E6660068C0AA /* Release */,
			);
			defaultConfigurationIsVisible = 0;
			defaultConfigurationName = Release;
		};
		743BC8562A12E6660068C0AA /* Build configuration list for PBXNativeTarget "BarcodeScannerSA" */ = {
			isa = XCConfigurationList;
			buildConfigurations = (
				743BC8572A12E6660068C0AA /* Debug */,
				743BC8582A12E6660068C0AA /* Release */,
			);
			defaultConfigurationIsVisible = 0;
			defaultConfigurationName = Release;
		};
/* End XCConfigurationList section */
	};
	rootObject = 743BC8402A12E6650068C0AA /* Project object */;
}
